
Microsoft Visual Studio Solution File, Format Version 12.00
# Visual Studio Version 16
VisualStudioVersion = 16.0.30225.117
MinimumVisualStudioVersion = 10.0.40219.1
Project("{9A19103F-16F7-4668-BE54-9A1E7A4F7556}") = "EmployeesApi", "EmployeesApi\EmployeesApi.csproj", "{8374A429-0B85-430E-8E29-3D74886ADE62}"
EndProject
Project("{FAE04EC0-301F-11D3-BF4B-00C04F79EFBC}") = "EmployeesApiIntegrationTests", "EmployeesApiIntegrationTests\EmployeesApiIntegrationTests.csproj", "{40FD574C-C5B8-44BB-B689-ABD82F21DA54}"
EndProject
Global
	GlobalSection(SolutionConfigurationPlatforms) = preSolution
		Debug|Any CPU = Debug|Any CPU
		Release|Any CPU = Release|Any CPU
	EndGlobalSection
	GlobalSection(ProjectConfigurationPlatforms) = postSolution
		{8374A429-0B85-430E-8E29-3D74886ADE62}.Debug|Any CPU.ActiveCfg = Debug|Any CPU
		{8374A429-0B85-430E-8E29-3D74886ADE62}.Debug|Any CPU.Build.0 = Debug|Any CPU
		{8374A429-0B85-430E-8E29-3D74886ADE62}.Release|Any CPU.ActiveCfg = Release|Any CPU
		{8374A429-0B85-430E-8E29-3D74886ADE62}.Release|Any CPU.Build.0 = Release|Any CPU
		{40FD574C-C5B8-44BB-B689-ABD82F21DA54}.Debug|Any CPU.ActiveCfg = Debug|Any CPU
		{40FD574C-C5B8-44BB-B689-ABD82F21DA54}.Debug|Any CPU.Build.0 = Debug|Any CPU
		{40FD574C-C5B8-44BB-B689-ABD82F21DA54}.Release|Any CPU.ActiveCfg = Release|Any CPU
		{40FD574C-C5B8-44BB-B689-ABD82F21DA54}.Release|Any CPU.Build.0 = Release|Any CPU
	EndGlobalSection
	GlobalSection(SolutionProperties) = preSolution
		HideSolutionNode = FALSE
	EndGlobalSection
	GlobalSection(ExtensibilityGlobals) = postSolution
		SolutionGuid = {6F31A040-202A-4D2E-950E-3C83209AB19D}
	EndGlobalSection
EndGlobal
